
Microsoft Visual Studio Solution File, Format Version 12.00
# Visual Studio Version 16
VisualStudioVersion = 16.0.30907.101
MinimumVisualStudioVersion = 10.0.40219.1
Project("{2150E333-8FDC-42A3-9474-1A3956D46DE8}") = "Solution Items", "Solution Items", "{7D9C73CB-0044-4542-A53D-73EA7D39BCB3}"
	ProjectSection(SolutionItems) = preProject
		Directory.Build.props = Directory.Build.props
	EndProjectSection
EndProject
Project("{FAE04EC0-301F-11D3-BF4B-00C04F79EFBC}") = "LabA", "LabA\LabA.csproj", "{72C60643-5187-49B9-AF35-568F106361EB}"
EndProject
Project("{FAE04EC0-301F-11D3-BF4B-00C04F79EFBC}") = "LabB", "LabB\LabB.csproj", "{0B4172A3-B9E5-4D3C-81E4-50435467DB76}"
EndProject
Project("{FAE04EC0-301F-11D3-BF4B-00C04F79EFBC}") = "DefineConstantsBuild", "DefineConstantsBuild\DefineConstantsBuild.csproj", "{E2A81E21-559A-4E3B-97C7-C741761CD46A}"
EndProject
Global
	GlobalSection(SolutionConfigurationPlatforms) = preSolution
		Debug|Any CPU = Debug|Any CPU
		Release|Any CPU = Release|Any CPU
	EndGlobalSection
	GlobalSection(ProjectConfigurationPlatforms) = postSolution
		{72C60643-5187-49B9-AF35-568F106361EB}.Debug|Any CPU.ActiveCfg = Debug|Any CPU
		{72C60643-5187-49B9-AF35-568F106361EB}.Debug|Any CPU.Build.0 = Debug|Any CPU
		{72C60643-5187-49B9-AF35-568F106361EB}.Release|Any CPU.ActiveCfg = Release|Any CPU
		{72C60643-5187-49B9-AF35-568F106361EB}.Release|Any CPU.Build.0 = Release|Any CPU
		{0B4172A3-B9E5-4D3C-81E4-50435467DB76}.Debug|Any CPU.ActiveCfg = Debug|Any CPU
		{0B4172A3-B9E5-4D3C-81E4-50435467DB76}.Debug|Any CPU.Build.0 = Debug|Any CPU
		{0B4172A3-B9E5-4D3C-81E4-50435467DB76}.Release|Any CPU.ActiveCfg = Release|Any CPU
		{0B4172A3-B9E5-4D3C-81E4-50435467DB76}.Release|Any CPU.Build.0 = Release|Any CPU
		{E2A81E21-559A-4E3B-97C7-C741761CD46A}.Debug|Any CPU.ActiveCfg = Debug|Any CPU
		{E2A81E21-559A-4E3B-97C7-C741761CD46A}.Debug|Any CPU.Build.0 = Debug|Any CPU
		{E2A81E21-559A-4E3B-97C7-C741761CD46A}.Release|Any CPU.ActiveCfg = Release|Any CPU
		{E2A81E21-559A-4E3B-97C7-C741761CD46A}.Release|Any CPU.Build.0 = Release|Any CPU
	EndGlobalSection
	GlobalSection(SolutionProperties) = preSolution
		HideSolutionNode = FALSE
	EndGlobalSection
	GlobalSection(ExtensibilityGlobals) = postSolution
		SolutionGuid = {922A1BD8-55DF-44B6-BE6A-88A61A826B07}
	EndGlobalSection
EndGlobal
